{
  "version": 4,
  "terraform_version": "0.14.8",
  "serial": 18,
  "lineage": "a86684c3-0079-64df-7291-f6c01df0770d",
  "outputs": {},
  "resources": [
    {
      "module": "module.dynamodb_table_table_name_dev",
      "mode": "managed",
      "type": "aws_dynamodb_table",
      "name": "default",
      "provider": "provider[\"registry.terraform.io/hashicorp/aws\"]",
      "instances": [
        {
          "index_key": 0,
          "schema_version": 1,
          "attributes": {
            "arn": "arn:aws:dynamodb:us-east-1:193930899377:table/eg-dev-demo-dev-cluster",
            "attribute": [
              {
                "name": "Age",
                "type": "N"
              },
              {
                "name": "Balance",
                "type": "N"
              },
              {
                "name": "BankAccount",
                "type": "S"
              },
              {
                "name": "MobileNo",
                "type": "S"
              },
              {
                "name": "Name",
                "type": "S"
              },
              {
                "name": "Timestamp",
                "type": "S"
              }
            ],
            "billing_mode": "PROVISIONED",
            "global_secondary_index": [
              {
                "hash_key": "Balance",
                "name": "DailyAverageIndex",
                "non_key_attributes": [
                  "HashKey",
                  "RangeKey"
                ],
                "projection_type": "INCLUDE",
                "range_key": "Age",
                "read_capacity": 5,
                "write_capacity": 5
              },
              {
                "hash_key": "BankAccount",
                "name": "BankAccountIndex",
                "non_key_attributes": [
                  "HashKey",
                  "RangeKey"
                ],
                "projection_type": "INCLUDE",
                "range_key": "Age",
                "read_capacity": 5,
                "write_capacity": 5
              }
            ],
            "hash_key": "MobileNo",
            "id": "eg-dev-demo-dev-cluster",
            "local_secondary_index": [
              {
                "name": "HighWaterIndex",
                "non_key_attributes": [
                  "HashKey",
                  "RangeKey"
                ],
                "projection_type": "INCLUDE",
                "range_key": "Timestamp"
              },
              {
                "name": "TimestampSortIndex",
                "non_key_attributes": [
                  "HashKey",
                  "RangeKey"
                ],
                "projection_type": "INCLUDE",
                "range_key": "Timestamp"
              }
            ],
            "name": "eg-dev-demo-dev-cluster",
            "point_in_time_recovery": [
              {
                "enabled": true
              }
            ],
            "range_key": "Name",
            "read_capacity": 5,
            "replica": [],
            "server_side_encryption": [
              {
                "enabled": true,
                "kms_key_arn": "arn:aws:kms:us-east-1:193930899377:key/28869a99-9d25-40fe-891f-45d88a9e5f79"
              }
            ],
            "stream_arn": "",
            "stream_enabled": false,
            "stream_label": "",
            "stream_view_type": "",
            "tags": {
              "Name": "eg-dev-demo-dev-cluster",
              "Namespace": "eg",
              "Stage": "dev"
            },
            "tags_all": {
              "Name": "eg-dev-demo-dev-cluster",
              "Namespace": "eg",
              "Stage": "dev"
            },
            "timeouts": null,
            "ttl": [
              {
                "attribute_name": "Expires",
                "enabled": true,
                "kms_key_arn": ""
              }
            ],
            "write_capacity": 5
          },
          "sensitive_attributes": [],
          "private": "eyJlMmJmYjczMC1lY2FhLTExZTYtOGY4OC0zNDM2M2JjN2M0YzAiOnsiY3JlYXRlIjoxMjAwMDAwMDAwMDAwLCJkZWxldGUiOjYwMDAwMDAwMDAwMCwidXBkYXRlIjozNjAwMDAwMDAwMDAwfSwic2NoZW1hX3ZlcnNpb24iOiIxIn0="
        }
      ]
    },
    {
      "module": "module.dynamodb_table_table_name_dev",
      "mode": "managed",
      "type": "null_resource",
      "name": "global_secondary_index_names",
      "provider": "provider[\"registry.terraform.io/hashicorp/null\"]",
      "instances": [
        {
          "index_key": 0,
          "schema_version": 0,
          "attributes": {
            "id": "8681967759863344465",
            "triggers": {
              "name": "DailyAverageIndex"
            }
          },
          "sensitive_attributes": [],
          "private": "bnVsbA=="
        },
        {
          "index_key": 1,
          "schema_version": 0,
          "attributes": {
            "id": "9050148757031717427",
            "triggers": {
              "name": "BankAccountIndex"
            }
          },
          "sensitive_attributes": [],
          "private": "bnVsbA=="
        }
      ]
    },
    {
      "module": "module.dynamodb_table_table_name_dev",
      "mode": "managed",
      "type": "null_resource",
      "name": "local_secondary_index_names",
      "provider": "provider[\"registry.terraform.io/hashicorp/null\"]",
      "instances": [
        {
          "index_key": 0,
          "schema_version": 0,
          "attributes": {
            "id": "4279920740525564570",
            "triggers": {
              "name": "TimestampSortIndex"
            }
          },
          "sensitive_attributes": [],
          "private": "bnVsbA=="
        },
        {
          "index_key": 1,
          "schema_version": 0,
          "attributes": {
            "id": "9088806442987210559",
            "triggers": {
              "name": "HighWaterIndex"
            }
          },
          "sensitive_attributes": [],
          "private": "bnVsbA=="
        }
      ]
    },
    {
      "module": "module.dynamodb_table_table_name_dev.module.dynamodb_autoscaler",
      "mode": "managed",
      "type": "aws_appautoscaling_policy",
      "name": "read_policy",
      "provider": "provider[\"registry.terraform.io/hashicorp/aws\"]",
      "instances": [
        {
          "index_key": 0,
          "schema_version": 0,
          "attributes": {
            "arn": "arn:aws:autoscaling:us-east-1:193930899377:scalingPolicy:28ff1195-5bac-4b4c-848a-a30bc5fc353a:resource/dynamodb/table/eg-dev-demo-dev-cluster:policyName/DynamoDBReadCapacityUtilization:table/eg-dev-demo-dev-cluster",
            "id": "DynamoDBReadCapacityUtilization:table/eg-dev-demo-dev-cluster",
            "name": "DynamoDBReadCapacityUtilization:table/eg-dev-demo-dev-cluster",
            "policy_type": "TargetTrackingScaling",
            "resource_id": "table/eg-dev-demo-dev-cluster",
            "scalable_dimension": "dynamodb:table:ReadCapacityUnits",
            "service_namespace": "dynamodb",
            "step_scaling_policy_configuration": [],
            "target_tracking_scaling_policy_configuration": [
              {
                "customized_metric_specification": [],
                "disable_scale_in": false,
                "predefined_metric_specification": [
                  {
                    "predefined_metric_type": "DynamoDBReadCapacityUtilization",
                    "resource_label": ""
                  }
                ],
                "scale_in_cooldown": 0,
                "scale_out_cooldown": 0,
                "target_value": 50
              }
            ]
          },
          "sensitive_attributes": [],
          "private": "bnVsbA==",
          "dependencies": [
            "module.dynamodb_table_table_name_dev.aws_dynamodb_table.default",
            "module.dynamodb_table_table_name_dev.module.dynamodb_autoscaler.aws_appautoscaling_target.read_target"
          ]
        }
      ]
    },
    {
      "module": "module.dynamodb_table_table_name_dev.module.dynamodb_autoscaler",
      "mode": "managed",
      "type": "aws_appautoscaling_policy",
      "name": "read_policy_index",
      "provider": "provider[\"registry.terraform.io/hashicorp/aws\"]",
      "instances": [
        {
          "index_key": 0,
          "schema_version": 0,
          "attributes": {
            "arn": "arn:aws:autoscaling:us-east-1:193930899377:scalingPolicy:bc835ba0-41a8-4faf-9c0b-483abc936434:resource/dynamodb/table/eg-dev-demo-dev-cluster/index/DailyAverageIndex:policyName/DynamoDBReadCapacityUtilization:table/eg-dev-demo-dev-cluster/index/DailyAverageIndex",
            "id": "DynamoDBReadCapacityUtilization:table/eg-dev-demo-dev-cluster/index/DailyAverageIndex",
            "name": "DynamoDBReadCapacityUtilization:table/eg-dev-demo-dev-cluster/index/DailyAverageIndex",
            "policy_type": "TargetTrackingScaling",
            "resource_id": "table/eg-dev-demo-dev-cluster/index/DailyAverageIndex",
            "scalable_dimension": "dynamodb:index:ReadCapacityUnits",
            "service_namespace": "dynamodb",
            "step_scaling_policy_configuration": [],
            "target_tracking_scaling_policy_configuration": [
              {
                "customized_metric_specification": [],
                "disable_scale_in": false,
                "predefined_metric_specification": [
                  {
                    "predefined_metric_type": "DynamoDBReadCapacityUtilization",
                    "resource_label": ""
                  }
                ],
                "scale_in_cooldown": 0,
                "scale_out_cooldown": 0,
                "target_value": 50
              }
            ]
          },
          "sensitive_attributes": [],
          "private": "bnVsbA==",
          "dependencies": [
            "module.dynamodb_table_table_name_dev.aws_dynamodb_table.default",
            "module.dynamodb_table_table_name_dev.module.dynamodb_autoscaler.aws_appautoscaling_target.read_target_index",
            "module.dynamodb_table_table_name_dev.null_resource.global_secondary_index_names"
          ]
        },
        {
          "index_key": 1,
          "schema_version": 0,
          "attributes": {
            "arn": "arn:aws:autoscaling:us-east-1:193930899377:scalingPolicy:453047e4-954e-48a7-bb48-239d940eeac4:resource/dynamodb/table/eg-dev-demo-dev-cluster/index/BankAccountIndex:policyName/DynamoDBReadCapacityUtilization:table/eg-dev-demo-dev-cluster/index/BankAccountIndex",
            "id": "DynamoDBReadCapacityUtilization:table/eg-dev-demo-dev-cluster/index/BankAccountIndex",
            "name": "DynamoDBReadCapacityUtilization:table/eg-dev-demo-dev-cluster/index/BankAccountIndex",
            "policy_type": "TargetTrackingScaling",
            "resource_id": "table/eg-dev-demo-dev-cluster/index/BankAccountIndex",
            "scalable_dimension": "dynamodb:index:ReadCapacityUnits",
            "service_namespace": "dynamodb",
            "step_scaling_policy_configuration": [],
            "target_tracking_scaling_policy_configuration": [
              {
                "customized_metric_specification": [],
                "disable_scale_in": false,
                "predefined_metric_specification": [
                  {
                    "predefined_metric_type": "DynamoDBReadCapacityUtilization",
                    "resource_label": ""
                  }
                ],
                "scale_in_cooldown": 0,
                "scale_out_cooldown": 0,
                "target_value": 50
              }
            ]
          },
          "sensitive_attributes": [],
          "private": "bnVsbA==",
          "dependencies": [
            "module.dynamodb_table_table_name_dev.aws_dynamodb_table.default",
            "module.dynamodb_table_table_name_dev.module.dynamodb_autoscaler.aws_appautoscaling_target.read_target_index",
            "module.dynamodb_table_table_name_dev.null_resource.global_secondary_index_names"
          ]
        }
      ]
    },
    {
      "module": "module.dynamodb_table_table_name_dev.module.dynamodb_autoscaler",
      "mode": "managed",
      "type": "aws_appautoscaling_policy",
      "name": "write_policy",
      "provider": "provider[\"registry.terraform.io/hashicorp/aws\"]",
      "instances": [
        {
          "index_key": 0,
          "schema_version": 0,
          "attributes": {
            "arn": "arn:aws:autoscaling:us-east-1:193930899377:scalingPolicy:b91ca092-9a77-4346-9b75-26ad12dfe7a2:resource/dynamodb/table/eg-dev-demo-dev-cluster:policyName/DynamoDBWriteCapacityUtilization:table/eg-dev-demo-dev-cluster",
            "id": "DynamoDBWriteCapacityUtilization:table/eg-dev-demo-dev-cluster",
            "name": "DynamoDBWriteCapacityUtilization:table/eg-dev-demo-dev-cluster",
            "policy_type": "TargetTrackingScaling",
            "resource_id": "table/eg-dev-demo-dev-cluster",
            "scalable_dimension": "dynamodb:table:WriteCapacityUnits",
            "service_namespace": "dynamodb",
            "step_scaling_policy_configuration": [],
            "target_tracking_scaling_policy_configuration": [
              {
                "customized_metric_specification": [],
                "disable_scale_in": false,
                "predefined_metric_specification": [
                  {
                    "predefined_metric_type": "DynamoDBWriteCapacityUtilization",
                    "resource_label": ""
                  }
                ],
                "scale_in_cooldown": 0,
                "scale_out_cooldown": 0,
                "target_value": 50
              }
            ]
          },
          "sensitive_attributes": [],
          "private": "bnVsbA==",
          "dependencies": [
            "module.dynamodb_table_table_name_dev.aws_dynamodb_table.default",
            "module.dynamodb_table_table_name_dev.module.dynamodb_autoscaler.aws_appautoscaling_target.write_target"
          ]
        }
      ]
    },
    {
      "module": "module.dynamodb_table_table_name_dev.module.dynamodb_autoscaler",
      "mode": "managed",
      "type": "aws_appautoscaling_policy",
      "name": "write_policy_index",
      "provider": "provider[\"registry.terraform.io/hashicorp/aws\"]",
      "instances": [
        {
          "index_key": 0,
          "schema_version": 0,
          "attributes": {
            "arn": "arn:aws:autoscaling:us-east-1:193930899377:scalingPolicy:80b8c1e0-7e77-4128-952a-854d1f72d6db:resource/dynamodb/table/eg-dev-demo-dev-cluster/index/DailyAverageIndex:policyName/DynamoDBWriteCapacityUtilization:table/eg-dev-demo-dev-cluster/index/DailyAverageIndex",
            "id": "DynamoDBWriteCapacityUtilization:table/eg-dev-demo-dev-cluster/index/DailyAverageIndex",
            "name": "DynamoDBWriteCapacityUtilization:table/eg-dev-demo-dev-cluster/index/DailyAverageIndex",
            "policy_type": "TargetTrackingScaling",
            "resource_id": "table/eg-dev-demo-dev-cluster/index/DailyAverageIndex",
            "scalable_dimension": "dynamodb:index:WriteCapacityUnits",
            "service_namespace": "dynamodb",
            "step_scaling_policy_configuration": [],
            "target_tracking_scaling_policy_configuration": [
              {
                "customized_metric_specification": [],
                "disable_scale_in": false,
                "predefined_metric_specification": [
                  {
                    "predefined_metric_type": "DynamoDBWriteCapacityUtilization",
                    "resource_label": ""
                  }
                ],
                "scale_in_cooldown": 0,
                "scale_out_cooldown": 0,
                "target_value": 50
              }
            ]
          },
          "sensitive_attributes": [],
          "private": "bnVsbA==",
          "dependencies": [
            "module.dynamodb_table_table_name_dev.aws_dynamodb_table.default",
            "module.dynamodb_table_table_name_dev.module.dynamodb_autoscaler.aws_appautoscaling_target.write_target_index",
            "module.dynamodb_table_table_name_dev.null_resource.global_secondary_index_names"
          ]
        },
        {
          "index_key": 1,
          "schema_version": 0,
          "attributes": {
            "arn": "arn:aws:autoscaling:us-east-1:193930899377:scalingPolicy:0440393f-d49a-4c19-b5b9-3801d709a2e5:resource/dynamodb/table/eg-dev-demo-dev-cluster/index/BankAccountIndex:policyName/DynamoDBWriteCapacityUtilization:table/eg-dev-demo-dev-cluster/index/BankAccountIndex",
            "id": "DynamoDBWriteCapacityUtilization:table/eg-dev-demo-dev-cluster/index/BankAccountIndex",
            "name": "DynamoDBWriteCapacityUtilization:table/eg-dev-demo-dev-cluster/index/BankAccountIndex",
            "policy_type": "TargetTrackingScaling",
            "resource_id": "table/eg-dev-demo-dev-cluster/index/BankAccountIndex",
            "scalable_dimension": "dynamodb:index:WriteCapacityUnits",
            "service_namespace": "dynamodb",
            "step_scaling_policy_configuration": [],
            "target_tracking_scaling_policy_configuration": [
              {
                "customized_metric_specification": [],
                "disable_scale_in": false,
                "predefined_metric_specification": [
                  {
                    "predefined_metric_type": "DynamoDBWriteCapacityUtilization",
                    "resource_label": ""
                  }
                ],
                "scale_in_cooldown": 0,
                "scale_out_cooldown": 0,
                "target_value": 50
              }
            ]
          },
          "sensitive_attributes": [],
          "private": "bnVsbA==",
          "dependencies": [
            "module.dynamodb_table_table_name_dev.aws_dynamodb_table.default",
            "module.dynamodb_table_table_name_dev.module.dynamodb_autoscaler.aws_appautoscaling_target.write_target_index",
            "module.dynamodb_table_table_name_dev.null_resource.global_secondary_index_names"
          ]
        }
      ]
    },
    {
      "module": "module.dynamodb_table_table_name_dev.module.dynamodb_autoscaler",
      "mode": "managed",
      "type": "aws_appautoscaling_target",
      "name": "read_target",
      "provider": "provider[\"registry.terraform.io/hashicorp/aws\"]",
      "instances": [
        {
          "index_key": 0,
          "schema_version": 0,
          "attributes": {
            "id": "table/eg-dev-demo-dev-cluster",
            "max_capacity": 20,
            "min_capacity": 5,
            "resource_id": "table/eg-dev-demo-dev-cluster",
            "role_arn": "arn:aws:iam::193930899377:role/aws-service-role/dynamodb.application-autoscaling.amazonaws.com/AWSServiceRoleForApplicationAutoScaling_DynamoDBTable",
            "scalable_dimension": "dynamodb:table:ReadCapacityUnits",
            "service_namespace": "dynamodb"
          },
          "sensitive_attributes": [],
          "private": "bnVsbA==",
          "dependencies": [
            "module.dynamodb_table_table_name_dev.aws_dynamodb_table.default"
          ]
        }
      ]
    },
    {
      "module": "module.dynamodb_table_table_name_dev.module.dynamodb_autoscaler",
      "mode": "managed",
      "type": "aws_appautoscaling_target",
      "name": "read_target_index",
      "provider": "provider[\"registry.terraform.io/hashicorp/aws\"]",
      "instances": [
        {
          "index_key": 0,
          "schema_version": 0,
          "attributes": {
            "id": "table/eg-dev-demo-dev-cluster/index/DailyAverageIndex",
            "max_capacity": 20,
            "min_capacity": 5,
            "resource_id": "table/eg-dev-demo-dev-cluster/index/DailyAverageIndex",
            "role_arn": "arn:aws:iam::193930899377:role/aws-service-role/dynamodb.application-autoscaling.amazonaws.com/AWSServiceRoleForApplicationAutoScaling_DynamoDBTable",
            "scalable_dimension": "dynamodb:index:ReadCapacityUnits",
            "service_namespace": "dynamodb"
          },
          "sensitive_attributes": [],
          "private": "bnVsbA==",
          "dependencies": [
            "module.dynamodb_table_table_name_dev.aws_dynamodb_table.default",
            "module.dynamodb_table_table_name_dev.null_resource.global_secondary_index_names"
          ]
        },
        {
          "index_key": 1,
          "schema_version": 0,
          "attributes": {
            "id": "table/eg-dev-demo-dev-cluster/index/BankAccountIndex",
            "max_capacity": 20,
            "min_capacity": 5,
            "resource_id": "table/eg-dev-demo-dev-cluster/index/BankAccountIndex",
            "role_arn": "arn:aws:iam::193930899377:role/aws-service-role/dynamodb.application-autoscaling.amazonaws.com/AWSServiceRoleForApplicationAutoScaling_DynamoDBTable",
            "scalable_dimension": "dynamodb:index:ReadCapacityUnits",
            "service_namespace": "dynamodb"
          },
          "sensitive_attributes": [],
          "private": "bnVsbA==",
          "dependencies": [
            "module.dynamodb_table_table_name_dev.aws_dynamodb_table.default",
            "module.dynamodb_table_table_name_dev.null_resource.global_secondary_index_names"
          ]
        }
      ]
    },
    {
      "module": "module.dynamodb_table_table_name_dev.module.dynamodb_autoscaler",
      "mode": "managed",
      "type": "aws_appautoscaling_target",
      "name": "write_target",
      "provider": "provider[\"registry.terraform.io/hashicorp/aws\"]",
      "instances": [
        {
          "index_key": 0,
          "schema_version": 0,
          "attributes": {
            "id": "table/eg-dev-demo-dev-cluster",
            "max_capacity": 20,
            "min_capacity": 5,
            "resource_id": "table/eg-dev-demo-dev-cluster",
            "role_arn": "arn:aws:iam::193930899377:role/aws-service-role/dynamodb.application-autoscaling.amazonaws.com/AWSServiceRoleForApplicationAutoScaling_DynamoDBTable",
            "scalable_dimension": "dynamodb:table:WriteCapacityUnits",
            "service_namespace": "dynamodb"
          },
          "sensitive_attributes": [],
          "private": "bnVsbA==",
          "dependencies": [
            "module.dynamodb_table_table_name_dev.aws_dynamodb_table.default"
          ]
        }
      ]
    },
    {
      "module": "module.dynamodb_table_table_name_dev.module.dynamodb_autoscaler",
      "mode": "managed",
      "type": "aws_appautoscaling_target",
      "name": "write_target_index",
      "provider": "provider[\"registry.terraform.io/hashicorp/aws\"]",
      "instances": [
        {
          "index_key": 0,
          "schema_version": 0,
          "attributes": {
            "id": "table/eg-dev-demo-dev-cluster/index/DailyAverageIndex",
            "max_capacity": 20,
            "min_capacity": 5,
            "resource_id": "table/eg-dev-demo-dev-cluster/index/DailyAverageIndex",
            "role_arn": "arn:aws:iam::193930899377:role/aws-service-role/dynamodb.application-autoscaling.amazonaws.com/AWSServiceRoleForApplicationAutoScaling_DynamoDBTable",
            "scalable_dimension": "dynamodb:index:WriteCapacityUnits",
            "service_namespace": "dynamodb"
          },
          "sensitive_attributes": [],
          "private": "bnVsbA==",
          "dependencies": [
            "module.dynamodb_table_table_name_dev.aws_dynamodb_table.default",
            "module.dynamodb_table_table_name_dev.null_resource.global_secondary_index_names"
          ]
        },
        {
          "index_key": 1,
          "schema_version": 0,
          "attributes": {
            "id": "table/eg-dev-demo-dev-cluster/index/BankAccountIndex",
            "max_capacity": 20,
            "min_capacity": 5,
            "resource_id": "table/eg-dev-demo-dev-cluster/index/BankAccountIndex",
            "role_arn": "arn:aws:iam::193930899377:role/aws-service-role/dynamodb.application-autoscaling.amazonaws.com/AWSServiceRoleForApplicationAutoScaling_DynamoDBTable",
            "scalable_dimension": "dynamodb:index:WriteCapacityUnits",
            "service_namespace": "dynamodb"
          },
          "sensitive_attributes": [],
          "private": "bnVsbA==",
          "dependencies": [
            "module.dynamodb_table_table_name_dev.aws_dynamodb_table.default",
            "module.dynamodb_table_table_name_dev.null_resource.global_secondary_index_names"
          ]
        }
      ]
    }
  ]
}
